{
  "name": "cyclefive-site",
  "version": "1.0.0",
  "lockfileVersion": 3,
  "requires": true,
  "packages": {
    "": {
      "name": "cyclefive-site",
      "version": "1.0.0",
      "devDependencies": {
        "serve-the-source": "github:cycle-five/serve-the-source"
      }
    },
    "node_modules/serve-the-source": {
      "version": "0.1.0",
      "resolved": "git+ssh://git@github.com/cycle-five/serve-the-source.git#31a65922a1c838af0ca272bde76442b4b6bbb672",
      "dev": true,
      "license": "MIT",
      "bin": {
        "serve-the-source": "dist/bin.js"
      },
      "engines": {
        "node": ">=18"
      },
      "peerDependencies": {
        "@quartz-community/types": ">=0.2"
      },
      "peerDependenciesMeta": {
        "@quartz-community/types": {
          "optional": true
        }
      }
    }
  }
}
